
Microsoft Visual Studio Solution File, Format Version 12.00
# Visual Studio Version 17
VisualStudioVersion = 17.1.32228.430
MinimumVisualStudioVersion = 10.0.40219.1
Project("{FAE04EC0-301F-11D3-BF4B-00C04F79EFBC}") = "P2", "P2.csproj", "{1BF13369-A051-4251-AFF7-438F2C675F22}"
EndProject
Global
	GlobalSection(SolutionConfigurationPlatforms) = preSolution
		Debug|Any CPU = Debug|Any CPU
		Release|Any CPU = Release|Any CPU
	EndGlobalSection
	GlobalSection(ProjectConfigurationPlatforms) = postSolution
		{1BF13369-A051-4251-AFF7-438F2C675F22}.Debug|Any CPU.ActiveCfg = Debug|Any CPU
		{1BF13369-A051-4251-AFF7-438F2C675F22}.Debug|Any CPU.Build.0 = Debug|Any CPU
		{1BF13369-A051-4251-AFF7-438F2C675F22}.Release|Any CPU.ActiveCfg = Release|Any CPU
		{1BF13369-A051-4251-AFF7-438F2C675F22}.Release|Any CPU.Build.0 = Release|Any CPU
	EndGlobalSection
	GlobalSection(SolutionProperties) = preSolution
		HideSolutionNode = FALSE
	EndGlobalSection
	GlobalSection(ExtensibilityGlobals) = postSolution
		SolutionGuid = {4F0A22C3-72F3-4134-8318-AE9F8F391666}
	EndGlobalSection
EndGlobal
